
Microsoft Visual Studio Solution File, Format Version 12.00
# Visual Studio Version 16
VisualStudioVersion = 16.0.31105.61
MinimumVisualStudioVersion = 10.0.40219.1
Project("{FAE04EC0-301F-11D3-BF4B-00C04F79EFBC}") = "WinFormsApp1", "WinFormsApp1\WinFormsApp1.csproj", "{A11F2781-74A8-40ED-A674-5651E2954DAB}"
EndProject
Global
	GlobalSection(SolutionConfigurationPlatforms) = preSolution
		Debug|Any CPU = Debug|Any CPU
		Release|Any CPU = Release|Any CPU
	EndGlobalSection
	GlobalSection(ProjectConfigurationPlatforms) = postSolution
		{A11F2781-74A8-40ED-A674-5651E2954DAB}.Debug|Any CPU.ActiveCfg = Debug|Any CPU
		{A11F2781-74A8-40ED-A674-5651E2954DAB}.Debug|Any CPU.Build.0 = Debug|Any CPU
		{A11F2781-74A8-40ED-A674-5651E2954DAB}.Release|Any CPU.ActiveCfg = Release|Any CPU
		{A11F2781-74A8-40ED-A674-5651E2954DAB}.Release|Any CPU.Build.0 = Release|Any CPU
	EndGlobalSection
	GlobalSection(SolutionProperties) = preSolution
		HideSolutionNode = FALSE
	EndGlobalSection
	GlobalSection(ExtensibilityGlobals) = postSolution
		SolutionGuid = {D3E0B0D7-C798-46C5-AD63-5EEE134E074D}
	EndGlobalSection
EndGlobal
